
Microsoft Visual Studio Solution File, Format Version 12.00
# Visual Studio Version 17
VisualStudioVersion = 17.4.33103.184
MinimumVisualStudioVersion = 10.0.40219.1
Project("{FAE04EC0-301F-11D3-BF4B-00C04F79EFBC}") = "LCW.Demo.RestAPI", "LCW.Demo.RestAPI\LCW.Demo.RestAPI.csproj", "{EC8BA2A7-02EE-4F0D-A310-ABA96D9BD0FF}"
EndProject
Global
	GlobalSection(SolutionConfigurationPlatforms) = preSolution
		Debug|Any CPU = Debug|Any CPU
		Release|Any CPU = Release|Any CPU
	EndGlobalSection
	GlobalSection(ProjectConfigurationPlatforms) = postSolution
		{EC8BA2A7-02EE-4F0D-A310-ABA96D9BD0FF}.Debug|Any CPU.ActiveCfg = Debug|Any CPU
		{EC8BA2A7-02EE-4F0D-A310-ABA96D9BD0FF}.Debug|Any CPU.Build.0 = Debug|Any CPU
		{EC8BA2A7-02EE-4F0D-A310-ABA96D9BD0FF}.Release|Any CPU.ActiveCfg = Release|Any CPU
		{EC8BA2A7-02EE-4F0D-A310-ABA96D9BD0FF}.Release|Any CPU.Build.0 = Release|Any CPU
	EndGlobalSection
	GlobalSection(SolutionProperties) = preSolution
		HideSolutionNode = FALSE
	EndGlobalSection
	GlobalSection(ExtensibilityGlobals) = postSolution
		SolutionGuid = {47EBCDD9-081B-4372-8E61-79DBC4BB86AB}
	EndGlobalSection
EndGlobal
